dependencies:
- name: common
  repository: https://charts.bitnami.com/bitnami
  version: 2.39.0
- name: backstage
  repository: file://./vendor/backstage/charts/backstage/
  version: 2.10.2
digest: sha256:946176e3439ef26900fae92f6bbf32aa42e1c16111ceb78ba6b23116b70a7fbc
generated: "2026-09-28T09:31:09.353317545Z"
