dependencies:
- name: common
  repository: https://charts.bitnami.com/bitnami
  version: 2.39.0
- name: backstage
  repository: file://./vendor/backstage/charts/backstage/
  version: 2.8.2
digest: sha256:feae56346e64006c65dcc19c89616276a2b669e19f48bf736aa0a59cb36fea65
generated: "2026-07-27T06:33:48.949035856Z"
