dependencies:
- name: common
  repository: https://charts.bitnami.com/bitnami
  version: 2.39.0
- name: backstage
  repository: file://./vendor/backstage/charts/backstage/
  version: 2.8.1
digest: sha256:bfd1a7c7a654d873fcbb1bf586c1e613f8b0a9cec61a0fb020a6175a7c0a11c5
generated: "2026-06-15T09:27:10.505850476Z"
